# This file is generated by running "yarn install" inside your project.
# Manual changes might be lost - proceed with caution!

__metadata:
  version: 6
  cacheKey: 8

"@esbuild/aix-ppc64@npm:0.21.5":
  version: 0.21.5
  resolution: "@esbuild/aix-ppc64@npm:0.21.5"
  conditions: os=aix & cpu=ppc64
  languageName: node
  linkType: hard

"@esbuild/android-arm64@npm:0.21.5":
  version: 0.21.5
  resolution: "@esbuild/android-arm64@npm:0.21.5"
  conditions: os=android & cpu=arm64
  languageName: node
  linkType: hard

"@esbuild/android-arm@npm:0.21.5":
  version: 0.21.5
  resolution: "@esbuild/android-arm@npm:0.21.5"
  conditions: os=android & cpu=arm
  languageName: node
  linkType: hard

"@esbuild/android-x64@npm:0.21.5":
  version: 0.21.5
  resolution: "@esbuild/android-x64@npm:0.21.5"
  conditions: os=android & cpu=x64
  languageName: node
  linkType: hard

"@esbuild/darwin-arm64@npm:0.21.5":
  version: 0.21.5
  resolution: "@esbuild/darwin-arm64@npm:0.21.5"
  conditions: os=darwin & cpu=arm64
  languageName: node
  linkType: hard

"@esbuild/darwin-x64@npm:0.21.5":
  version: 0.21.5
  resolution: "@esbuild/darwin-x64@npm:0.21.5"
  conditions: os=darwin & cpu=x64
  languageName: node
  linkType: hard

"@esbuild/freebsd-arm64@npm:0.21.5":
  version: 0.21.5
  resolution: "@esbuild/freebsd-arm64@npm:0.21.5"
  conditions: os=freebsd & cpu=arm64
  languageName: node
  linkType: hard

"@esbuild/freebsd-x64@npm:0.21.5":
  version: 0.21.5
  resolution: "@esbuild/freebsd-x64@npm:0.21.5"
  conditions: os=freebsd & cpu=x64
  languageName: node
  linkType: hard

"@esbuild/linux-arm64@npm:0.21.5":
  version: 0.21.5
  resolution: "@esbuild/linux-arm64@npm:0.21.5"
  conditions: os=linux & cpu=arm64
  languageName: node
  linkType: hard

"@esbuild/linux-arm@npm:0.21.5":
  version: 0.21.5
  resolution: "@esbuild/linux-arm@npm:0.21.5"
  conditions: os=linux & cpu=arm
  languageName: node
  linkType: hard

"@esbuild/linux-ia32@npm:0.21.5":
  version: 0.21.5
  resolution: "@esbuild/linux-ia32@npm:0.21.5"
  conditions: os=linux & cpu=ia32
  languageName: node
  linkType: hard

"@esbuild/linux-loong64@npm:0.21.5":
  version: 0.21.5
  resolution: "@esbuild/linux-loong64@npm:0.21.5"
  conditions: os=linux & cpu=loong64
  languageName: node
  linkType: hard

"@esbuild/linux-mips64el@npm:0.21.5":
  version: 0.21.5
  resolution: "@esbuild/linux-mips64el@npm:0.21.5"
  conditions: os=linux & cpu=mips64el
  languageName: node
  linkType: hard

"@esbuild/linux-ppc64@npm:0.21.5":
  version: 0.21.5
  resolution: "@esbuild/linux-ppc64@npm:0.21.5"
  conditions: os=linux & cpu=ppc64
  languageName: node
  linkType: hard

"@esbuild/linux-riscv64@npm:0.21.5":
  version: 0.21.5
  resolution: "@esbuild/linux-riscv64@npm:0.21.5"
  conditions: os=linux & cpu=riscv64
  languageName: node
  linkType: hard

"@esbuild/linux-s390x@npm:0.21.5":
  version: 0.21.5
  resolution: "@esbuild/linux-s390x@npm:0.21.5"
  conditions: os=linux & cpu=s390x
  languageName: node
  linkType: hard

"@esbuild/linux-x64@npm:0.21.5":
  version: 0.21.5
  resolution: "@esbuild/linux-x64@npm:0.21.5"
  conditions: os=linux & cpu=x64
  languageName: node
  linkType: hard

"@esbuild/netbsd-x64@npm:0.21.5":
  version: 0.21.5
  resolution: "@esbuild/netbsd-x64@npm:0.21.5"
  conditions: os=netbsd & cpu=x64
  languageName: node
  linkType: hard

"@esbuild/openbsd-x64@npm:0.21.5":
  version: 0.21.5
  resolution: "@esbuild/openbsd-x64@npm:0.21.5"
  conditions: os=openbsd & cpu=x64
  languageName: node
  linkType: hard

"@esbuild/sunos-x64@npm:0.21.5":
  version: 0.21.5
  resolution: "@esbuild/sunos-x64@npm:0.21.5"
  conditions: os=sunos & cpu=x64
  languageName: node
  linkType: hard

"@esbuild/win32-arm64@npm:0.21.5":
  version: 0.21.5
  resolution: "@esbuild/win32-arm64@npm:0.21.5"
  conditions: os=win32 & cpu=arm64
  languageName: node
  linkType: hard

"@esbuild/win32-ia32@npm:0.21.5":
  version: 0.21.5
  resolution: "@esbuild/win32-ia32@npm:0.21.5"
  conditions: os=win32 & cpu=ia32
  languageName: node
  linkType: hard

"@esbuild/win32-x64@npm:0.21.5":
  version: 0.21.5
  resolution: "@esbuild/win32-x64@npm:0.21.5"
  conditions: os=win32 & cpu=x64
  languageName: node
  linkType: hard

"@isaacs/fs-minipass@npm:^4.0.0":
  version: 4.0.1
  resolution: "@isaacs/fs-minipass@npm:4.0.1"
  dependencies:
    minipass: ^7.0.4
  checksum: 5d36d289960e886484362d9eb6a51d1ea28baed5f5d0140bbe62b99bac52eaf06cc01c2bc0d3575977962f84f6b2c4387b043ee632216643d4787b0999465bf2
  languageName: node
  linkType: hard

"@jridgewell/sourcemap-codec@npm:^1.5.5":
  version: 1.5.5
  resolution: "@jridgewell/sourcemap-codec@npm:1.5.5"
  checksum: c2e36e67971f719a8a3a85ef5a5f580622437cc723c35d03ebd0c9c0b06418700ef006f58af742791f71f6a4fc68fcfaf1f6a74ec2f9a3332860e9373459dae7
  languageName: node
  linkType: hard

"@rollup/rollup-android-arm-eabi@npm:4.62.2":
  version: 4.62.2
  resolution: "@rollup/rollup-android-arm-eabi@npm:4.62.2"
  conditions: os=android & cpu=arm
  languageName: node
  linkType: hard

"@rollup/rollup-android-arm64@npm:4.62.2":
  version: 4.62.2
  resolution: "@rollup/rollup-android-arm64@npm:4.62.2"
  conditions: os=android & cpu=arm64
  languageName: node
  linkType: hard

"@rollup/rollup-darwin-arm64@npm:4.62.2":
  version: 4.62.2
  resolution: "@rollup/rollup-darwin-arm64@npm:4.62.2"
  conditions: os=darwin & cpu=arm64
  languageName: node
  linkType: hard

"@rollup/rollup-darwin-x64@npm:4.62.2":
  version: 4.62.2
  resolution: "@rollup/rollup-darwin-x64@npm:4.62.2"
  conditions: os=darwin & cpu=x64
  languageName: node
  linkType: hard

"@rollup/rollup-freebsd-arm64@npm:4.62.2":
  version: 4.62.2
  resolution: "@rollup/rollup-freebsd-arm64@npm:4.62.2"
  conditions: os=freebsd & cpu=arm64
  languageName: node
  linkType: hard

"@rollup/rollup-freebsd-x64@npm:4.62.2":
  version: 4.62.2
  resolution: "@rollup/rollup-freebsd-x64@npm:4.62.2"
  conditions: os=freebsd & cpu=x64
  languageName: node
  linkType: hard

"@rollup/rollup-linux-arm-gnueabihf@npm:4.62.2":
  version: 4.62.2
  resolution: "@rollup/rollup-linux-arm-gnueabihf@npm:4.62.2"
  conditions: os=linux & cpu=arm & libc=glibc
  languageName: node
  linkType: hard

"@rollup/rollup-linux-arm-musleabihf@npm:4.62.2":
  version: 4.62.2
  resolution: "@rollup/rollup-linux-arm-musleabihf@npm:4.62.2"
  conditions: os=linux & cpu=arm & libc=musl
  languageName: node
  linkType: hard

"@rollup/rollup-linux-arm64-gnu@npm:4.62.2":
  version: 4.62.2
  resolution: "@rollup/rollup-linux-arm64-gnu@npm:4.62.2"
  conditions: os=linux & cpu=arm64 & libc=glibc
  languageName: node
  linkType: hard

"@rollup/rollup-linux-arm64-musl@npm:4.62.2":
  version: 4.62.2
  resolution: "@rollup/rollup-linux-arm64-musl@npm:4.62.2"
  conditions: os=linux & cpu=arm64 & libc=musl
  languageName: node
  linkType: hard

"@rollup/rollup-linux-loong64-gnu@npm:4.62.2":
  version: 4.62.2
  resolution: "@rollup/rollup-linux-loong64-gnu@npm:4.62.2"
  conditions: os=linux & cpu=loong64 & libc=glibc
  languageName: node
  linkType: hard

"@rollup/rollup-linux-loong64-musl@npm:4.62.2":
  version: 4.62.2
  resolution: "@rollup/rollup-linux-loong64-musl@npm:4.62.2"
  conditions: os=linux & cpu=loong64 & libc=musl
  languageName: node
  linkType: hard

"@rollup/rollup-linux-ppc64-gnu@npm:4.62.2":
  version: 4.62.2
  resolution: "@rollup/rollup-linux-ppc64-gnu@npm:4.62.2"
  conditions: os=linux & cpu=ppc64 & libc=glibc
  languageName: node
  linkType: hard

"@rollup/rollup-linux-ppc64-musl@npm:4.62.2":
  version: 4.62.2
  resolution: "@rollup/rollup-linux-ppc64-musl@npm:4.62.2"
  conditions: os=linux & cpu=ppc64 & libc=musl
  languageName: node
  linkType: hard

"@rollup/rollup-linux-riscv64-gnu@npm:4.62.2":
  version: 4.62.2
  resolution: "@rollup/rollup-linux-riscv64-gnu@npm:4.62.2"
  conditions: os=linux & cpu=riscv64 & libc=glibc
  languageName: node
  linkType: hard

"@rollup/rollup-linux-riscv64-musl@npm:4.62.2":
  version: 4.62.2
  resolution: "@rollup/rollup-linux-riscv64-musl@npm:4.62.2"
  conditions: os=linux & cpu=riscv64 & libc=musl
  languageName: node
  linkType: hard

"@rollup/rollup-linux-s390x-gnu@npm:4.62.2":
  version: 4.62.2
  resolution: "@rollup/rollup-linux-s390x-gnu@npm:4.62.2"
  conditions: os=linux & cpu=s390x & libc=glibc
  languageName: node
  linkType: hard

"@rollup/rollup-linux-x64-gnu@npm:4.62.2":
  version: 4.62.2
  resolution: "@rollup/rollup-linux-x64-gnu@npm:4.62.2"
  conditions: os=linux & cpu=x64 & libc=glibc
  languageName: node
  linkType: hard

"@rollup/rollup-linux-x64-musl@npm:4.62.2":
  version: 4.62.2
  resolution: "@rollup/rollup-linux-x64-musl@npm:4.62.2"
  conditions: os=linux & cpu=x64 & libc=musl
  languageName: node
  linkType: hard

"@rollup/rollup-openbsd-x64@npm:4.62.2":
  version: 4.62.2
  resolution: "@rollup/rollup-openbsd-x64@npm:4.62.2"
  conditions: os=openbsd & cpu=x64
  languageName: node
  linkType: hard

"@rollup/rollup-openharmony-arm64@npm:4.62.2":
  version: 4.62.2
  resolution: "@rollup/rollup-openharmony-arm64@npm:4.62.2"
  conditions: os=openharmony & cpu=arm64
  languageName: node
  linkType: hard

"@rollup/rollup-win32-arm64-msvc@npm:4.62.2":
  version: 4.62.2
  resolution: "@rollup/rollup-win32-arm64-msvc@npm:4.62.2"
  conditions: os=win32 & cpu=arm64
  languageName: node
  linkType: hard

"@rollup/rollup-win32-ia32-msvc@npm:4.62.2":
  version: 4.62.2
  resolution: "@rollup/rollup-win32-ia32-msvc@npm:4.62.2"
  conditions: os=win32 & cpu=ia32
  languageName: node
  linkType: hard

"@rollup/rollup-win32-x64-gnu@npm:4.62.2":
  version: 4.62.2
  resolution: "@rollup/rollup-win32-x64-gnu@npm:4.62.2"
  conditions: os=win32 & cpu=x64
  languageName: node
  linkType: hard

"@rollup/rollup-win32-x64-msvc@npm:4.62.2":
  version: 4.62.2
  resolution: "@rollup/rollup-win32-x64-msvc@npm:4.62.2"
  conditions: os=win32 & cpu=x64
  languageName: node
  linkType: hard

"@tweenjs/tween.js@npm:~23.1.3":
  version: 23.1.3
  resolution: "@tweenjs/tween.js@npm:23.1.3"
  checksum: 2f8a908b275bb6729bde4b863c277bf7411d2e0302ceb0455369479077b89eaf8380cd9206b91ff574416418a95c6f06db4e1ddea732a286d0db0ba8e7c093d3
  languageName: node
  linkType: hard

"@types/codemirror@npm:5.60.8":
  version: 5.60.8
  resolution: "@types/codemirror@npm:5.60.8"
  dependencies:
    "@types/tern": "*"
  checksum: bc3a63eab0308b3ef5ed2ca22afb7f1c0b8acde6477e1d569df7e93f3fe4f78754d28a3e081c72931259fe1bf906a319b54bcdeba74600b989e5558d32478496
  languageName: node
  linkType: hard

"@types/estree@npm:*, @types/estree@npm:1.0.9, @types/estree@npm:^1.0.0":
  version: 1.0.9
  resolution: "@types/estree@npm:1.0.9"
  checksum: 752c0afee3ec82b8e24484bf6a27dfa093bbf3de4ef1c20ed0364fb6ad2c0c7971e7504ed9a7aaff103a47e2d945ce7a17f74951743dd944782a0735f53170de
  languageName: node
  linkType: hard

"@types/node@npm:^20.14.0":
  version: 20.19.43
  resolution: "@types/node@npm:20.19.43"
  dependencies:
    undici-types: ~6.21.0
  checksum: c959b5d256b073da95aa1892acb071b487c2f652f98b2cb75e92657d51b99bd691aa811023fb13acd6752bc1bcb75dc579db02190a4da70926cf6f372011bc4e
  languageName: node
  linkType: hard

"@types/stats.js@npm:*":
  version: 0.17.4
  resolution: "@types/stats.js@npm:0.17.4"
  checksum: 6f1a20e09da0c0b371b3c095b2787a91a9397944679aa506a0886160faf0ad185b911a34b4ec325f146810c5be969f085e81264e2dbe39fd57eb8ff98347b5f4
  languageName: node
  linkType: hard

"@types/tern@npm:*":
  version: 0.23.9
  resolution: "@types/tern@npm:0.23.9"
  dependencies:
    "@types/estree": "*"
  checksum: 53f229c79edf9454011f5b37c8539e0e760a130beac953d4e2126823de1ac6b0e2a45612596679fb232ec861826584fcaa272e2254a890b410575683423d56a8
  languageName: node
  linkType: hard

"@types/three@npm:^0.169.0":
  version: 0.169.0
  resolution: "@types/three@npm:0.169.0"
  dependencies:
    "@tweenjs/tween.js": ~23.1.3
    "@types/stats.js": "*"
    "@types/webxr": "*"
    "@webgpu/types": "*"
    fflate: ~0.8.2
    meshoptimizer: ~0.18.1
  checksum: faaa5bbcead150b5627e2e00bb0e63d98c2a8f8d8951f729f889f430a98534c568d73520f43263391157f216a765806c16e2ca05b688506bffb7f8cf417be042
  languageName: node
  linkType: hard

"@types/webxr@npm:*":
  version: 0.5.24
  resolution: "@types/webxr@npm:0.5.24"
  checksum: 3c87ea6a06cabb3023dc353363733763237c9d8f45d0402b07074823575805830133c0de00d34b4f73e9a6ba9a2ed2de204f62b33f6d820e14970a61a3333c36
  languageName: node
  linkType: hard

"@vitest/expect@npm:2.1.9":
  version: 2.1.9
  resolution: "@vitest/expect@npm:2.1.9"
  dependencies:
    "@vitest/spy": 2.1.9
    "@vitest/utils": 2.1.9
    chai: ^5.1.2
    tinyrainbow: ^1.2.0
  checksum: a234f96dd42c76e20af68b2ad2f00b80a3873501d5daa524bf1405b344e86123716b925f976d8104fd242bfbd0d9cf7084d0eb4a690097e6e5db456d220ed67a
  languageName: node
  linkType: hard

"@vitest/mocker@npm:2.1.9":
  version: 2.1.9
  resolution: "@vitest/mocker@npm:2.1.9"
  dependencies:
    "@vitest/spy": 2.1.9
    estree-walker: ^3.0.3
    magic-string: ^0.30.12
  peerDependencies:
    msw: ^2.4.9
    vite: ^5.0.0
  peerDependenciesMeta:
    msw:
      optional: true
    vite:
      optional: true
  checksum: 17de391acc4d899f15356b45cde8202e5d5ca4517c32c0c9dcf32ce0660501773fdc29675b4f7d48c1579a560ac41f8f5181ebe41a7daf675f561d611e8e30dc
  languageName: node
  linkType: hard

"@vitest/pretty-format@npm:2.1.9, @vitest/pretty-format@npm:^2.1.9":
  version: 2.1.9
  resolution: "@vitest/pretty-format@npm:2.1.9"
  dependencies:
    tinyrainbow: ^1.2.0
  checksum: 33f7ff0a9d356ddd6534390a0aea260dc04a3022a94901c87d141bacf71d2b3fff2e3bf08a55dd424c5355fd3b41656cb7871c76372fef45ffac1ea89d0dc508
  languageName: node
  linkType: hard

"@vitest/runner@npm:2.1.9":
  version: 2.1.9
  resolution: "@vitest/runner@npm:2.1.9"
  dependencies:
    "@vitest/utils": 2.1.9
    pathe: ^1.1.2
  checksum: d8aaadc98bcbe1ee7c832a7d619d3c77d3c67536f10b80a3106d9d6e03ecc0f5467ef7bd4a65a07fe924cc166fe7415d637b2b08ef71e1a208a250543f9f3545
  languageName: node
  linkType: hard

"@vitest/snapshot@npm:2.1.9":
  version: 2.1.9
  resolution: "@vitest/snapshot@npm:2.1.9"
  dependencies:
    "@vitest/pretty-format": 2.1.9
    magic-string: ^0.30.12
    pathe: ^1.1.2
  checksum: fb693dea59709c9df8660e5948c7971d2c3ce74212eafa7d542a578bbb8aed203dc03129dd5e476251e1946b50432e79a4fd59069fd4f950283e188167b9496d
  languageName: node
  linkType: hard

"@vitest/spy@npm:2.1.9":
  version: 2.1.9
  resolution: "@vitest/spy@npm:2.1.9"
  dependencies:
    tinyspy: ^3.0.2
  checksum: f9279488b5d2a27800e33e8fe51cc685b2a0db49d30b80b2b0cc924f8b1736eb520459c6e8bd09fa4457f5bb86ff073e7bdcf60d36452c11a8a8f9cbc8030237
  languageName: node
  linkType: hard

"@vitest/utils@npm:2.1.9":
  version: 2.1.9
  resolution: "@vitest/utils@npm:2.1.9"
  dependencies:
    "@vitest/pretty-format": 2.1.9
    loupe: ^3.1.2
    tinyrainbow: ^1.2.0
  checksum: b24fb9c6765801f2e0578ad5c32fadf9541a833301eaed2877a427096cf05214244b361f94eda80be2b9c841f58ae3c67d37dedc5a902b2cb44041979bae4d8f
  languageName: node
  linkType: hard

"@webgpu/types@npm:*":
  version: 0.1.70
  resolution: "@webgpu/types@npm:0.1.70"
  checksum: 560790978a9e2fe2191945464d40c7c8493405d3cd3c203df69e6ab33a34921a7cc772ec875f896ffb8f9280b6dd2a2e76401ef203c3727e4c9f73fa86de95d0
  languageName: node
  linkType: hard

"abbrev@npm:^5.0.0":
  version: 5.0.0
  resolution: "abbrev@npm:5.0.0"
  checksum: 40526a57545197f1ee0a5cb369508acbd33dbb8a19967850d6d60d9bb392d4034fc56d2572ad863b6a8da810f32eb5553cd05d5af265ea829e168697d9963cde
  languageName: node
  linkType: hard

"assertion-error@npm:^2.0.1":
  version: 2.0.1
  resolution: "assertion-error@npm:2.0.1"
  checksum: a0789dd882211b87116e81e2648ccb7f60340b34f19877dd020b39ebb4714e475eb943e14ba3e22201c221ef6645b7bfe10297e76b6ac95b48a9898c1211ce66
  languageName: node
  linkType: hard

"cac@npm:^6.7.14":
  version: 6.7.14
  resolution: "cac@npm:6.7.14"
  checksum: 45a2496a9443abbe7f52a49b22fbe51b1905eff46e03fd5e6c98e3f85077be3f8949685a1849b1a9cd2bc3e5567dfebcf64f01ce01847baf918f1b37c839791a
  languageName: node
  linkType: hard

"chai@npm:^5.1.2":
  version: 5.3.3
  resolution: "chai@npm:5.3.3"
  dependencies:
    assertion-error: ^2.0.1
    check-error: ^2.1.1
    deep-eql: ^5.0.1
    loupe: ^3.1.0
    pathval: ^2.0.0
  checksum: bc4091f1cccfee63f6a3d02ce477fe847f5c57e747916a11bd72675c9459125084e2e55dc2363ee2b82b088a878039ee7ee27c75d6d90f7de9202bf1b12ce573
  languageName: node
  linkType: hard

"check-error@npm:^2.1.1":
  version: 2.1.3
  resolution: "check-error@npm:2.1.3"
  checksum: f1868d3db60f5a7da92e140ccf33e9152bf6124161fa9b7a4ae8eafdb05e66e1f13570401e56f314f037b0f1b71eaf38ad0c7256310d82c6105e9d85ded0f202
  languageName: node
  linkType: hard

"chownr@npm:^3.0.0":
  version: 3.0.0
  resolution: "chownr@npm:3.0.0"
  checksum: fd73a4bab48b79e66903fe1cafbdc208956f41ea4f856df883d0c7277b7ab29fd33ee65f93b2ec9192fc0169238f2f8307b7735d27c155821d886b84aa97aa8d
  languageName: node
  linkType: hard

"debug@npm:^4.3.7":
  version: 4.4.3
  resolution: "debug@npm:4.4.3"
  dependencies:
    ms: ^2.1.3
  peerDependenciesMeta:
    supports-color:
      optional: true
  checksum: 4805abd570e601acdca85b6aa3757186084a45cff9b2fa6eee1f3b173caa776b45f478b2a71a572d616d2010cea9211d0ac4a02a610e4c18ac4324bde3760834
  languageName: node
  linkType: hard

"deep-eql@npm:^5.0.1":
  version: 5.0.2
  resolution: "deep-eql@npm:5.0.2"
  checksum: 6aaaadb4c19cbce42e26b2bbe5bd92875f599d2602635dc97f0294bae48da79e89470aedee05f449e0ca8c65e9fd7e7872624d1933a1db02713d99c2ca8d1f24
  languageName: node
  linkType: hard

"env-paths@npm:^2.2.0":
  version: 2.2.1
  resolution: "env-paths@npm:2.2.1"
  checksum: 65b5df55a8bab92229ab2b40dad3b387fad24613263d103a97f91c9fe43ceb21965cd3392b1ccb5d77088021e525c4e0481adb309625d0cb94ade1d1fb8dc17e
  languageName: node
  linkType: hard

"es-module-lexer@npm:^1.5.4":
  version: 1.7.0
  resolution: "es-module-lexer@npm:1.7.0"
  checksum: 7858bb76ae387fdbf8a6fccc951bf18919768309850587553eca34698b9193fbc65fab03d3d9f69163d860321fbf66adf89d5821e7f4148c7cb7d7b997259211
  languageName: node
  linkType: hard

"esbuild@npm:^0.21.0, esbuild@npm:^0.21.3":
  version: 0.21.5
  resolution: "esbuild@npm:0.21.5"
  dependencies:
    "@esbuild/aix-ppc64": 0.21.5
    "@esbuild/android-arm": 0.21.5
    "@esbuild/android-arm64": 0.21.5
    "@esbuild/android-x64": 0.21.5
    "@esbuild/darwin-arm64": 0.21.5
    "@esbuild/darwin-x64": 0.21.5
    "@esbuild/freebsd-arm64": 0.21.5
    "@esbuild/freebsd-x64": 0.21.5
    "@esbuild/linux-arm": 0.21.5
    "@esbuild/linux-arm64": 0.21.5
    "@esbuild/linux-ia32": 0.21.5
    "@esbuild/linux-loong64": 0.21.5
    "@esbuild/linux-mips64el": 0.21.5
    "@esbuild/linux-ppc64": 0.21.5
    "@esbuild/linux-riscv64": 0.21.5
    "@esbuild/linux-s390x": 0.21.5
    "@esbuild/linux-x64": 0.21.5
    "@esbuild/netbsd-x64": 0.21.5
    "@esbuild/openbsd-x64": 0.21.5
    "@esbuild/sunos-x64": 0.21.5
    "@esbuild/win32-arm64": 0.21.5
    "@esbuild/win32-ia32": 0.21.5
    "@esbuild/win32-x64": 0.21.5
  dependenciesMeta:
    "@esbuild/aix-ppc64":
      optional: true
    "@esbuild/android-arm":
      optional: true
    "@esbuild/android-arm64":
      optional: true
    "@esbuild/android-x64":
      optional: true
    "@esbuild/darwin-arm64":
      optional: true
    "@esbuild/darwin-x64":
      optional: true
    "@esbuild/freebsd-arm64":
      optional: true
    "@esbuild/freebsd-x64":
      optional: true
    "@esbuild/linux-arm":
      optional: true
    "@esbuild/linux-arm64":
      optional: true
    "@esbuild/linux-ia32":
      optional: true
    "@esbuild/linux-loong64":
      optional: true
    "@esbuild/linux-mips64el":
      optional: true
    "@esbuild/linux-ppc64":
      optional: true
    "@esbuild/linux-riscv64":
      optional: true
    "@esbuild/linux-s390x":
      optional: true
    "@esbuild/linux-x64":
      optional: true
    "@esbuild/netbsd-x64":
      optional: true
    "@esbuild/openbsd-x64":
      optional: true
    "@esbuild/sunos-x64":
      optional: true
    "@esbuild/win32-arm64":
      optional: true
    "@esbuild/win32-ia32":
      optional: true
    "@esbuild/win32-x64":
      optional: true
  bin:
    esbuild: bin/esbuild
  checksum: 2911c7b50b23a9df59a7d6d4cdd3a4f85855787f374dce751148dbb13305e0ce7e880dde1608c2ab7a927fc6cec3587b80995f7fc87a64b455f8b70b55fd8ec1
  languageName: node
  linkType: hard

"estree-walker@npm:^3.0.3":
  version: 3.0.3
  resolution: "estree-walker@npm:3.0.3"
  dependencies:
    "@types/estree": ^1.0.0
  checksum: a65728d5727b71de172c5df323385755a16c0fdab8234dc756c3854cfee343261ddfbb72a809a5660fac8c75d960bb3e21aa898c2d7e9b19bb298482ca58a3af
  languageName: node
  linkType: hard

"expect-type@npm:^1.1.0":
  version: 1.3.0
  resolution: "expect-type@npm:1.3.0"
  checksum: 60476b4f4c0c88bf24db0735faa7d1d0c9120c21e5b78781c0fea0d4a95838f2db0c919a055aa4bb185ccbf38e37fa3000d3bb05500ceafcc7c469955c5a4f84
  languageName: node
  linkType: hard

"exponential-backoff@npm:^3.1.1":
  version: 3.1.3
  resolution: "exponential-backoff@npm:3.1.3"
  checksum: 471fdb70fd3d2c08a74a026973bdd4105b7832911f610ca67bbb74e39279411c1eed2f2a110c9d41c2edd89459ba58fdaba1c174beed73e7a42d773882dcff82
  languageName: node
  linkType: hard

"fast-graph-3d@workspace:.":
  version: 0.0.0-use.local
  resolution: "fast-graph-3d@workspace:."
  dependencies:
    "@types/node": ^20.14.0
    "@types/three": ^0.169.0
    esbuild: ^0.21.0
    obsidian: latest
    three: ^0.169.0
    typescript: ^5.5.0
    vitest: ^2.1.0
  languageName: unknown
  linkType: soft

"fdir@npm:^6.5.0":
  version: 6.5.0
  resolution: "fdir@npm:6.5.0"
  peerDependencies:
    picomatch: ^3 || ^4
  peerDependenciesMeta:
    picomatch:
      optional: true
  checksum: bd537daa9d3cd53887eed35efa0eab2dbb1ca408790e10e024120e7a36c6e9ae2b33710cb8381e35def01bc9c1d7eaba746f886338413e68ff6ebaee07b9a6e8
  languageName: node
  linkType: hard

"fflate@npm:~0.8.2":
  version: 0.8.3
  resolution: "fflate@npm:0.8.3"
  checksum: a2a417e8fb5128b946cb397ab59a90e089057cba492f2c17a89c4af6ba8568b3da72ed36ef1efe901df7858a20964ce56e84d282e60498be1947fcc6133bc891
  languageName: node
  linkType: hard

"fsevents@npm:~2.3.2, fsevents@npm:~2.3.3":
  version: 2.3.3
  resolution: "fsevents@npm:2.3.3"
  dependencies:
    node-gyp: latest
  checksum: 11e6ea6fea15e42461fc55b4b0e4a0a3c654faa567f1877dbd353f39156f69def97a69936d1746619d656c4b93de2238bf731f6085a03a50cabf287c9d024317
  conditions: os=darwin
  languageName: node
  linkType: hard

"fsevents@patch:fsevents@~2.3.2#~builtin<compat/fsevents>, fsevents@patch:fsevents@~2.3.3#~builtin<compat/fsevents>":
  version: 2.3.3
  resolution: "fsevents@patch:fsevents@npm%3A2.3.3#~builtin<compat/fsevents>::version=2.3.3&hash=df0bf1"
  dependencies:
    node-gyp: latest
  conditions: os=darwin
  languageName: node
  linkType: hard

"graceful-fs@npm:^4.2.6":
  version: 4.2.11
  resolution: "graceful-fs@npm:4.2.11"
  checksum: ac85f94da92d8eb6b7f5a8b20ce65e43d66761c55ce85ac96df6865308390da45a8d3f0296dd3a663de65d30ba497bd46c696cc1e248c72b13d6d567138a4fc7
  languageName: node
  linkType: hard

"isexe@npm:^4.0.0":
  version: 4.0.0
  resolution: "isexe@npm:4.0.0"
  checksum: 2ead327ef596042ef9c9ec5f236b316acfaedb87f4bb61b3c3d574fb2e9c8a04b67305e04733bde52c24d9622fdebd3270aadb632adfbf9cadef88fe30f479e5
  languageName: node
  linkType: hard

"loupe@npm:^3.1.0, loupe@npm:^3.1.2":
  version: 3.2.1
  resolution: "loupe@npm:3.2.1"
  checksum: 3ce9ecc5b2c56ffc073bf065ad3a4644cccce3eac81e61a8732e9c8ebfe05513ed478592d25f9dba24cfe82766913be045ab384c04711c7c6447deaf800ad94c
  languageName: node
  linkType: hard

"magic-string@npm:^0.30.12":
  version: 0.30.21
  resolution: "magic-string@npm:0.30.21"
  dependencies:
    "@jridgewell/sourcemap-codec": ^1.5.5
  checksum: 4ff76a4e8d439431cf49f039658751ed351962d044e5955adc257489569bd676019c906b631f86319217689d04815d7d064ee3ff08ab82ae65b7655a7e82a414
  languageName: node
  linkType: hard

"meshoptimizer@npm:~0.18.1":
  version: 0.18.1
  resolution: "meshoptimizer@npm:0.18.1"
  checksum: 101dbed8abd4cf167cdb7a0bc13db90dd0743332c689e43b18cc5254d238f0766750752432401fa63dc7e9e32399ef68daacf48f0d89db1484042c1761c7362d
  languageName: node
  linkType: hard

"minipass@npm:^7.0.4, minipass@npm:^7.1.2":
  version: 7.1.3
  resolution: "minipass@npm:7.1.3"
  checksum: 2ede17c0bf8fec499be3360fd07f0ec7666189e3907320a9b653f1530cf84af98928c5b12d80bfb75f321833bf2e97785b940540213ebdafe97a5f10327e664d
  languageName: node
  linkType: hard

"minizlib@npm:^3.1.0":
  version: 3.1.0
  resolution: "minizlib@npm:3.1.0"
  dependencies:
    minipass: ^7.1.2
  checksum: a15e6f0128f514b7d41a1c68ce531155447f4669e32d279bba1c1c071ef6c2abd7e4d4579bb59ccc2ed1531346749665968fdd7be8d83eb6b6ae2fe1f3d370a7
  languageName: node
  linkType: hard

"moment@npm:2.29.4":
  version: 2.29.4
  resolution: "moment@npm:2.29.4"
  checksum: 0ec3f9c2bcba38dc2451b1daed5daded747f17610b92427bebe1d08d48d8b7bdd8d9197500b072d14e326dd0ccf3e326b9e3d07c5895d3d49e39b6803b76e80e
  languageName: node
  linkType: hard

"ms@npm:^2.1.3":
  version: 2.1.3
  resolution: "ms@npm:2.1.3"
  checksum: aa92de608021b242401676e35cfa5aa42dd70cbdc082b916da7fb925c542173e36bce97ea3e804923fe92c0ad991434e4a38327e15a1b5b5f945d66df615ae6d
  languageName: node
  linkType: hard

"nanoid@npm:^3.3.12":
  version: 3.3.15
  resolution: "nanoid@npm:3.3.15"
  bin:
    nanoid: bin/nanoid.cjs
  checksum: 0f645685aefba48aae06acfb390be660041d91b4ec63d85544ed01b619c6d661c985170bfbcd29b7265b6c1c3369c631e5dcb2f34c34e2c0023108bc158531d1
  languageName: node
  linkType: hard

"node-gyp@npm:latest":
  version: 13.0.0
  resolution: "node-gyp@npm:13.0.0"
  dependencies:
    env-paths: ^2.2.0
    exponential-backoff: ^3.1.1
    graceful-fs: ^4.2.6
    nopt: ^10.0.0
    proc-log: ^7.0.0
    semver: ^7.3.5
    tar: ^7.5.4
    tinyglobby: ^0.2.12
    undici: ^6.25.0
    which: ^7.0.0
  bin:
    node-gyp: bin/node-gyp.js
  checksum: 73368e5ea0b5f66ab6ab7ce8d9a2ff60486c24dbcd20997f2f38e845a7c9ff21b8763e187242a99063ca2f0344f65f511d3e60da90acb1240403ec1b8ab97d05
  languageName: node
  linkType: hard

"nopt@npm:^10.0.0":
  version: 10.0.1
  resolution: "nopt@npm:10.0.1"
  dependencies:
    abbrev: ^5.0.0
  bin:
    nopt: bin/nopt.js
  checksum: c2903b9171a3293b731189ace4eaeacc2ed8191bb8f8f74ebfb61babc0de2ff158d97a215fd561070ed0dac567f3b8741955f81a534009e57eb37fdc419d5d4e
  languageName: node
  linkType: hard

"obsidian@npm:latest":
  version: 1.13.1
  resolution: "obsidian@npm:1.13.1"
  dependencies:
    "@types/codemirror": 5.60.8
    moment: 2.29.4
  peerDependencies:
    "@codemirror/state": 6.5.0
    "@codemirror/view": 6.38.6
  checksum: 052cd41f87c7c1456ec910ba80acaca42cd9da05ff9ca652a7f27dabea8787da7529b57188dd750e0da4aa4f7325e41f8776811518f51c5811f5ceab9291736e
  languageName: node
  linkType: hard

"pathe@npm:^1.1.2":
  version: 1.1.2
  resolution: "pathe@npm:1.1.2"
  checksum: ec5f778d9790e7b9ffc3e4c1df39a5bb1ce94657a4e3ad830c1276491ca9d79f189f47609884671db173400256b005f4955f7952f52a2aeb5834ad5fb4faf134
  languageName: node
  linkType: hard

"pathval@npm:^2.0.0":
  version: 2.0.1
  resolution: "pathval@npm:2.0.1"
  checksum: 280e71cfd86bb5d7ff371fe2752997e5fa82901fcb209abf19d4457b7814f1b4a17845dfb17bd28a596ccdb0ecea178720ce23dacfa9c841f37804b700647810
  languageName: node
  linkType: hard

"picocolors@npm:^1.1.1":
  version: 1.1.1
  resolution: "picocolors@npm:1.1.1"
  checksum: e1cf46bf84886c79055fdfa9dcb3e4711ad259949e3565154b004b260cd356c5d54b31a1437ce9782624bf766272fe6b0154f5f0c744fb7af5d454d2b60db045
  languageName: node
  linkType: hard

"picomatch@npm:^4.0.4":
  version: 4.0.4
  resolution: "picomatch@npm:4.0.4"
  checksum: 76b387b5157951422fa6049a96bdd1695e39dd126cd99df34d343638dc5cdb8bcdc83fff288c23eddcf7c26657c35e3173d4d5f488c4f28b889b314472e0a662
  languageName: node
  linkType: hard

"postcss@npm:^8.4.43":
  version: 8.5.15
  resolution: "postcss@npm:8.5.15"
  dependencies:
    nanoid: ^3.3.12
    picocolors: ^1.1.1
    source-map-js: ^1.2.1
  checksum: 82e046d5bd0c537e7bcae1b97ec366968cac4ebdbd38773b69a2a4ad437f26641643a48f120317dd167199ac718ff8a0ab7dd102258430e4c919daaef0e57904
  languageName: node
  linkType: hard

"proc-log@npm:^7.0.0":
  version: 7.0.0
  resolution: "proc-log@npm:7.0.0"
  checksum: ded2e976dbfa428777496158db93efdd27523ce17cf7eae0e87c6dbba0f30bb46bbe6409ccdcf5ecea7bdea864ed409afc3b5c60b79f008d42dff79fdd481c27
  languageName: node
  linkType: hard

"rollup@npm:^4.20.0":
  version: 4.62.2
  resolution: "rollup@npm:4.62.2"
  dependencies:
    "@rollup/rollup-android-arm-eabi": 4.62.2
    "@rollup/rollup-android-arm64": 4.62.2
    "@rollup/rollup-darwin-arm64": 4.62.2
    "@rollup/rollup-darwin-x64": 4.62.2
    "@rollup/rollup-freebsd-arm64": 4.62.2
    "@rollup/rollup-freebsd-x64": 4.62.2
    "@rollup/rollup-linux-arm-gnueabihf": 4.62.2
    "@rollup/rollup-linux-arm-musleabihf": 4.62.2
    "@rollup/rollup-linux-arm64-gnu": 4.62.2
    "@rollup/rollup-linux-arm64-musl": 4.62.2
    "@rollup/rollup-linux-loong64-gnu": 4.62.2
    "@rollup/rollup-linux-loong64-musl": 4.62.2
    "@rollup/rollup-linux-ppc64-gnu": 4.62.2
    "@rollup/rollup-linux-ppc64-musl": 4.62.2
    "@rollup/rollup-linux-riscv64-gnu": 4.62.2
    "@rollup/rollup-linux-riscv64-musl": 4.62.2
    "@rollup/rollup-linux-s390x-gnu": 4.62.2
    "@rollup/rollup-linux-x64-gnu": 4.62.2
    "@rollup/rollup-linux-x64-musl": 4.62.2
    "@rollup/rollup-openbsd-x64": 4.62.2
    "@rollup/rollup-openharmony-arm64": 4.62.2
    "@rollup/rollup-win32-arm64-msvc": 4.62.2
    "@rollup/rollup-win32-ia32-msvc": 4.62.2
    "@rollup/rollup-win32-x64-gnu": 4.62.2
    "@rollup/rollup-win32-x64-msvc": 4.62.2
    "@types/estree": 1.0.9
    fsevents: ~2.3.2
  dependenciesMeta:
    "@rollup/rollup-android-arm-eabi":
      optional: true
    "@rollup/rollup-android-arm64":
      optional: true
    "@rollup/rollup-darwin-arm64":
      optional: true
    "@rollup/rollup-darwin-x64":
      optional: true
    "@rollup/rollup-freebsd-arm64":
      optional: true
    "@rollup/rollup-freebsd-x64":
      optional: true
    "@rollup/rollup-linux-arm-gnueabihf":
      optional: true
    "@rollup/rollup-linux-arm-musleabihf":
      optional: true
    "@rollup/rollup-linux-arm64-gnu":
      optional: true
    "@rollup/rollup-linux-arm64-musl":
      optional: true
    "@rollup/rollup-linux-loong64-gnu":
      optional: true
    "@rollup/rollup-linux-loong64-musl":
      optional: true
    "@rollup/rollup-linux-ppc64-gnu":
      optional: true
    "@rollup/rollup-linux-ppc64-musl":
      optional: true
    "@rollup/rollup-linux-riscv64-gnu":
      optional: true
    "@rollup/rollup-linux-riscv64-musl":
      optional: true
    "@rollup/rollup-linux-s390x-gnu":
      optional: true
    "@rollup/rollup-linux-x64-gnu":
      optional: true
    "@rollup/rollup-linux-x64-musl":
      optional: true
    "@rollup/rollup-openbsd-x64":
      optional: true
    "@rollup/rollup-openharmony-arm64":
      optional: true
    "@rollup/rollup-win32-arm64-msvc":
      optional: true
    "@rollup/rollup-win32-ia32-msvc":
      optional: true
    "@rollup/rollup-win32-x64-gnu":
      optional: true
    "@rollup/rollup-win32-x64-msvc":
      optional: true
    fsevents:
      optional: true
  bin:
    rollup: dist/bin/rollup
  checksum: 9fb4b08e135db5968e1763a3f95ece6f78e64f135159a59bfc678d3f8ab80a7a0080022611a9ccec73346a71b82661d36f55ea7ccdc638bdad0255d96ff8e7ba
  languageName: node
  linkType: hard

"semver@npm:^7.3.5":
  version: 7.8.5
  resolution: "semver@npm:7.8.5"
  bin:
    semver: bin/semver.js
  checksum: 0c580f17e88e2b45806dc5cf3d824f719c946999d3554bf30307c2b68b3300ab3c8bfcd84d8f489b93b4cbb5362f5fc8de4d2858954f18d834253c4450fc9f6b
  languageName: node
  linkType: hard

"siginfo@npm:^2.0.0":
  version: 2.0.0
  resolution: "siginfo@npm:2.0.0"
  checksum: 8aa5a98640ca09fe00d74416eca97551b3e42991614a3d1b824b115fc1401543650914f651ab1311518177e4d297e80b953f4cd4cd7ea1eabe824e8f2091de01
  languageName: node
  linkType: hard

"source-map-js@npm:^1.2.1":
  version: 1.2.1
  resolution: "source-map-js@npm:1.2.1"
  checksum: 4eb0cd997cdf228bc253bcaff9340afeb706176e64868ecd20efbe6efea931465f43955612346d6b7318789e5265bdc419bc7669c1cebe3db0eb255f57efa76b
  languageName: node
  linkType: hard

"stackback@npm:0.0.2":
  version: 0.0.2
  resolution: "stackback@npm:0.0.2"
  checksum: 2d4dc4e64e2db796de4a3c856d5943daccdfa3dd092e452a1ce059c81e9a9c29e0b9badba91b43ef0d5ff5c04ee62feb3bcc559a804e16faf447bac2d883aa99
  languageName: node
  linkType: hard

"std-env@npm:^3.8.0":
  version: 3.10.0
  resolution: "std-env@npm:3.10.0"
  checksum: 51d641b36b0fae494a546fb8446d39a837957fbf902c765c62bd12af8e50682d141c4087ca032f1192fa90330c4f6ff23fd6c9795324efacd1684e814471e0e0
  languageName: node
  linkType: hard

"tar@npm:^7.5.4":
  version: 7.5.16
  resolution: "tar@npm:7.5.16"
  dependencies:
    "@isaacs/fs-minipass": ^4.0.0
    chownr: ^3.0.0
    minipass: ^7.1.2
    minizlib: ^3.1.0
    yallist: ^5.0.0
  checksum: 9b7f886f5ce8681a7430f80b9b377bfa498e6feb957b9afe6507db08e59d309f8546b7f76a0c2e47bdb54da4602575a5c7519e287fe94de8302e635032fc94f1
  languageName: node
  linkType: hard

"three@npm:^0.169.0":
  version: 0.169.0
  resolution: "three@npm:0.169.0"
  checksum: 714b68911a26523858edf10e6ed33e41901edaba734b6acd3aa3542746e45570295fa8750723b06bcb9d223013dba920e946e02a018ee136c86da927c04441c3
  languageName: node
  linkType: hard

"tinybench@npm:^2.9.0":
  version: 2.9.0
  resolution: "tinybench@npm:2.9.0"
  checksum: 1ab00d7dfe0d1f127cbf00822bacd9024f7a50a3ecd1f354a8168e0b7d2b53a639a24414e707c27879d1adc0f5153141d51d76ebd7b4d37fe245e742e5d91fe8
  languageName: node
  linkType: hard

"tinyexec@npm:^0.3.1":
  version: 0.3.2
  resolution: "tinyexec@npm:0.3.2"
  checksum: bd491923020610bdeadb0d8cf5d70e7cbad5a3201620fd01048c9bf3b31ffaa75c33254e1540e13b993ce4e8187852b0b5a93057bb598e7a57afa2ca2048a35c
  languageName: node
  linkType: hard

"tinyglobby@npm:^0.2.12":
  version: 0.2.17
  resolution: "tinyglobby@npm:0.2.17"
  dependencies:
    fdir: ^6.5.0
    picomatch: ^4.0.4
  checksum: 041e73eae568152c376551b21b8a27909d474166a8f405cdb0345991c50cf6afd0f878d7a387645d9c05d8ea2c9a55cc2fd2cfe6c5d5a5264770972b1adcad86
  languageName: node
  linkType: hard

"tinypool@npm:^1.0.1":
  version: 1.1.1
  resolution: "tinypool@npm:1.1.1"
  checksum: 0258abe108df8be395a2cbdc8b4390c94908850250530f7bea83a129fa33d49a8c93246f76bf81cd458534abd81322f4d4cb3a40690254f8d9044ff449f328a8
  languageName: node
  linkType: hard

"tinyrainbow@npm:^1.2.0":
  version: 1.2.0
  resolution: "tinyrainbow@npm:1.2.0"
  checksum: d1e2cb5400032c0092be00e4a3da5450bea8b4fad58bfb5d3c58ca37ff5c5e252f7fcfb9af247914854af79c46014add9d1042fe044358c305a129ed55c8be35
  languageName: node
  linkType: hard

"tinyspy@npm:^3.0.2":
  version: 3.0.2
  resolution: "tinyspy@npm:3.0.2"
  checksum: 5db671b2ff5cd309de650c8c4761ca945459d7204afb1776db9a04fb4efa28a75f08517a8620c01ee32a577748802231ad92f7d5b194dc003ee7f987a2a06337
  languageName: node
  linkType: hard

"typescript@npm:^5.5.0":
  version: 5.9.3
  resolution: "typescript@npm:5.9.3"
  bin:
    tsc: bin/tsc
    tsserver: bin/tsserver
  checksum: 0d0ffb84f2cd072c3e164c79a2e5a1a1f4f168e84cb2882ff8967b92afe1def6c2a91f6838fb58b168428f9458c57a2ba06a6737711fdd87a256bbe83e9a217f
  languageName: node
  linkType: hard

"typescript@patch:typescript@^5.5.0#~builtin<compat/typescript>":
  version: 5.9.3
  resolution: "typescript@patch:typescript@npm%3A5.9.3#~builtin<compat/typescript>::version=5.9.3&hash=29ae49"
  bin:
    tsc: bin/tsc
    tsserver: bin/tsserver
  checksum: 8bb8d86819ac86a498eada254cad7fb69c5f74778506c700c2a712daeaff21d3a6f51fd0d534fe16903cb010d1b74f89437a3d02d4d0ff5ca2ba9a4660de8497
  languageName: node
  linkType: hard

"undici-types@npm:~6.21.0":
  version: 6.21.0
  resolution: "undici-types@npm:6.21.0"
  checksum: 46331c7d6016bf85b3e8f20c159d62f5ae471aba1eb3dc52fff35a0259d58dcc7d592d4cc4f00c5f9243fa738a11cfa48bd20203040d4a9e6bc25e807fab7ab3
  languageName: node
  linkType: hard

"undici@npm:^6.25.0":
  version: 6.27.0
  resolution: "undici@npm:6.27.0"
  checksum: 3c3c591d9cc70b72ed20ec19fcbab04f184827bcb05241a215f92a081e6e73cab506cd2b334e3beb359304c2e53b6e8722c31327124d9db8122bb06fed7be372
  languageName: node
  linkType: hard

"vite-node@npm:2.1.9":
  version: 2.1.9
  resolution: "vite-node@npm:2.1.9"
  dependencies:
    cac: ^6.7.14
    debug: ^4.3.7
    es-module-lexer: ^1.5.4
    pathe: ^1.1.2
    vite: ^5.0.0
  bin:
    vite-node: vite-node.mjs
  checksum: 716d37649834ecea547b43121ee89b2e4f9ca65ff6ce26214770ecfefe070b8c7245c9fdd0f92fb232d266e153629d04af9a4dc4fc350abfa521e5e46434b7b2
  languageName: node
  linkType: hard

"vite@npm:^5.0.0":
  version: 5.4.21
  resolution: "vite@npm:5.4.21"
  dependencies:
    esbuild: ^0.21.3
    fsevents: ~2.3.3
    postcss: ^8.4.43
    rollup: ^4.20.0
  peerDependencies:
    "@types/node": ^18.0.0 || >=20.0.0
    less: "*"
    lightningcss: ^1.21.0
    sass: "*"
    sass-embedded: "*"
    stylus: "*"
    sugarss: "*"
    terser: ^5.4.0
  dependenciesMeta:
    fsevents:
      optional: true
  peerDependenciesMeta:
    "@types/node":
      optional: true
    less:
      optional: true
    lightningcss:
      optional: true
    sass:
      optional: true
    sass-embedded:
      optional: true
    stylus:
      optional: true
    sugarss:
      optional: true
    terser:
      optional: true
  bin:
    vite: bin/vite.js
  checksum: 7177fa03cff6a382f225290c9889a0d0e944d17eab705bcba89b58558a6f7adfa1f47e469b88f42a044a0eb40c12a1bf68b3cb42abb5295d04f9d7d4dd320837
  languageName: node
  linkType: hard

"vitest@npm:^2.1.0":
  version: 2.1.9
  resolution: "vitest@npm:2.1.9"
  dependencies:
    "@vitest/expect": 2.1.9
    "@vitest/mocker": 2.1.9
    "@vitest/pretty-format": ^2.1.9
    "@vitest/runner": 2.1.9
    "@vitest/snapshot": 2.1.9
    "@vitest/spy": 2.1.9
    "@vitest/utils": 2.1.9
    chai: ^5.1.2
    debug: ^4.3.7
    expect-type: ^1.1.0
    magic-string: ^0.30.12
    pathe: ^1.1.2
    std-env: ^3.8.0
    tinybench: ^2.9.0
    tinyexec: ^0.3.1
    tinypool: ^1.0.1
    tinyrainbow: ^1.2.0
    vite: ^5.0.0
    vite-node: 2.1.9
    why-is-node-running: ^2.3.0
  peerDependencies:
    "@edge-runtime/vm": "*"
    "@types/node": ^18.0.0 || >=20.0.0
    "@vitest/browser": 2.1.9
    "@vitest/ui": 2.1.9
    happy-dom: "*"
    jsdom: "*"
  peerDependenciesMeta:
    "@edge-runtime/vm":
      optional: true
    "@types/node":
      optional: true
    "@vitest/browser":
      optional: true
    "@vitest/ui":
      optional: true
    happy-dom:
      optional: true
    jsdom:
      optional: true
  bin:
    vitest: vitest.mjs
  checksum: 20db77529f843930ef1626103c898b27528d6d68d6c44753ec823e318f26bbdeb3bc56e6fb80e3f1ecc34382107d32e1f4e709e23198f414fecc9298ab225fa8
  languageName: node
  linkType: hard

"which@npm:^7.0.0":
  version: 7.0.0
  resolution: "which@npm:7.0.0"
  dependencies:
    isexe: ^4.0.0
  bin:
    node-which: bin/which.js
  checksum: 913a43ac10df37602ba9795a004dd7ab12ba7dd592aca1f08ec333be1fdd6a49bbf119a88c3f8d0ea70eeb6251726e77069251424d73000299a0a840ed000732
  languageName: node
  linkType: hard

"why-is-node-running@npm:^2.3.0":
  version: 2.3.0
  resolution: "why-is-node-running@npm:2.3.0"
  dependencies:
    siginfo: ^2.0.0
    stackback: 0.0.2
  bin:
    why-is-node-running: cli.js
  checksum: 58ebbf406e243ace97083027f0df7ff4c2108baf2595bb29317718ef207cc7a8104e41b711ff65d6fa354f25daa8756b67f2f04931a4fd6ba9d13ae8197496fb
  languageName: node
  linkType: hard

"yallist@npm:^5.0.0":
  version: 5.0.0
  resolution: "yallist@npm:5.0.0"
  checksum: eba51182400b9f35b017daa7f419f434424410691bbc5de4f4240cc830fdef906b504424992700dc047f16b4d99100a6f8b8b11175c193f38008e9c96322b6a5
  languageName: node
  linkType: hard
